version = 1
revision = 1
requires-python = ">=3.10"

[manifest]
members = [
    "niwrap",
    "niwrap-afni",
    "niwrap-ants",
    "niwrap-c3d",
    "niwrap-dcm2niix",
    "niwrap-fastsurfer",
    "niwrap-freesurfer",
    "niwrap-fsl",
    "niwrap-greedy",
    "niwrap-mrtrix",
    "niwrap-mrtrix3tissue",
    "niwrap-niftyreg",
    "niwrap-workbench",
]

[[package]]
name = "niwrap"
version = "0.1.0"
source = { editable = "." }
dependencies = [
    { name = "niwrap-afni" },
    { name = "niwrap-ants" },
    { name = "niwrap-c3d" },
    { name = "niwrap-dcm2niix" },
    { name = "niwrap-fastsurfer" },
    { name = "niwrap-freesurfer" },
    { name = "niwrap-fsl" },
    { name = "niwrap-greedy" },
    { name = "niwrap-mrtrix" },
    { name = "niwrap-mrtrix3tissue" },
    { name = "niwrap-niftyreg" },
    { name = "niwrap-workbench" },
    { name = "styxdefs" },
]

[package.metadata]
requires-dist = [
    { name = "niwrap-afni", editable = "packages/afni" },
    { name = "niwrap-ants", editable = "packages/ants" },
    { name = "niwrap-c3d", editable = "packages/c3d" },
    { name = "niwrap-dcm2niix", editable = "packages/dcm2niix" },
    { name = "niwrap-fastsurfer", editable = "packages/fastsurfer" },
    { name = "niwrap-freesurfer", editable = "packages/freesurfer" },
    { name = "niwrap-fsl", editable = "packages/fsl" },
    { name = "niwrap-greedy", editable = "packages/greedy" },
    { name = "niwrap-mrtrix", editable = "packages/mrtrix" },
    { name = "niwrap-mrtrix3tissue", editable = "packages/mrtrix3tissue" },
    { name = "niwrap-niftyreg", editable = "packages/niftyreg" },
    { name = "niwrap-workbench", editable = "packages/workbench" },
    { name = "styxdefs", specifier = ">=0.5.0" },
]

[[package]]
name = "niwrap-afni"
version = "0.1.0"
source = { editable = "packages/afni" }
dependencies = [
    { name = "styxdefs" },
]

[package.metadata]
requires-dist = [{ name = "styxdefs", specifier = ">=0.5.0" }]

[[package]]
name = "niwrap-ants"
version = "0.1.0"
source = { editable = "packages/ants" }
dependencies = [
    { name = "styxdefs" },
]

[package.metadata]
requires-dist = [{ name = "styxdefs", specifier = ">=0.5.0" }]

[[package]]
name = "niwrap-c3d"
version = "0.1.0"
source = { editable = "packages/c3d" }
dependencies = [
    { name = "styxdefs" },
]

[package.metadata]
requires-dist = [{ name = "styxdefs", specifier = ">=0.5.0" }]

[[package]]
name = "niwrap-dcm2niix"
version = "0.1.0"
source = { editable = "packages/dcm2niix" }
dependencies = [
    { name = "styxdefs" },
]

[package.metadata]
requires-dist = [{ name = "styxdefs", specifier = ">=0.5.0" }]

[[package]]
name = "niwrap-fastsurfer"
version = "0.1.0"
source = { editable = "packages/fastsurfer" }
dependencies = [
    { name = "styxdefs" },
]

[package.metadata]
requires-dist = [{ name = "styxdefs", specifier = ">=0.5.0" }]

[[package]]
name = "niwrap-freesurfer"
version = "0.1.0"
source = { editable = "packages/freesurfer" }
dependencies = [
    { name = "styxdefs" },
]

[package.metadata]
requires-dist = [{ name = "styxdefs", specifier = ">=0.5.0" }]

[[package]]
name = "niwrap-fsl"
version = "0.1.0"
source = { editable = "packages/fsl" }
dependencies = [
    { name = "styxdefs" },
]

[package.metadata]
requires-dist = [{ name = "styxdefs", specifier = ">=0.5.0" }]

[[package]]
name = "niwrap-greedy"
version = "0.1.0"
source = { editable = "packages/greedy" }
dependencies = [
    { name = "styxdefs" },
]

[package.metadata]
requires-dist = [{ name = "styxdefs", specifier = ">=0.5.0" }]

[[package]]
name = "niwrap-mrtrix"
version = "0.1.0"
source = { editable = "packages/mrtrix" }
dependencies = [
    { name = "styxdefs" },
]

[package.metadata]
requires-dist = [{ name = "styxdefs", specifier = ">=0.5.0" }]

[[package]]
name = "niwrap-mrtrix3tissue"
version = "0.1.0"
source = { editable = "packages/mrtrix3tissue" }
dependencies = [
    { name = "styxdefs" },
]

[package.metadata]
requires-dist = [{ name = "styxdefs", specifier = ">=0.5.0" }]

[[package]]
name = "niwrap-niftyreg"
version = "0.1.0"
source = { editable = "packages/niftyreg" }
dependencies = [
    { name = "styxdefs" },
]

[package.metadata]
requires-dist = [{ name = "styxdefs", specifier = ">=0.5.0" }]

[[package]]
name = "niwrap-workbench"
version = "0.1.0"
source = { editable = "packages/workbench" }
dependencies = [
    { name = "styxdefs" },
]

[package.metadata]
requires-dist = [{ name = "styxdefs", specifier = ">=0.5.0" }]

[[package]]
name = "styxdefs"
version = "0.5.0"
source = { registry = "https://pypi.org/simple" }
sdist = { url = "https://files.pythonhosted.org/packages/6a/e4/e2abd2d1030074e0b8889c3d17ec4026a879be56ad19d15a310d0bd695e7/styxdefs-0.5.0.tar.gz", hash = "sha256:27d3d480f572703059967afa44a97e0726c0f058cd42fc01dbd2d199495ec2e1", size = 5067 }
wheels = [
    { url = "https://files.pythonhosted.org/packages/6f/2c/5e0608fc3522b0aa54314251acefbc2cf3a7c528ca22151c2c2d5ae13114/styxdefs-0.5.0-py3-none-any.whl", hash = "sha256:58bc68d5e226e0f6a7fffc194f1f8e4bfb8f4f46757cc568fface92d131395bd", size = 6804 },
]
